
Microsoft Visual Studio Solution File, Format Version 12.00
# Visual Studio Version 17
VisualStudioVersion = 17.11.35208.52
MinimumVisualStudioVersion = 10.0.40219.1
Project("{9A19103F-16F7-4668-BE54-9A1E7A4F7556}") = "Stack", "hw9\Stack.csproj", "{510944E5-9A5B-428B-81A3-9C83E4EE06DA}"
EndProject
Project("{9A19103F-16F7-4668-BE54-9A1E7A4F7556}") = "PriorityQueue", "PriorityQueue\PriorityQueue.csproj", "{61CC993E-C206-4480-9A78-8C696FD7FBCD}"
EndProject
Project("{FAE04EC0-301F-11D3-BF4B-00C04F79EFBC}") = "BinTree", "BinTree\BinTree.csproj", "{3BE32583-9987-40B7-BB9C-C48EDD310F1B}"
EndProject
Global
	GlobalSection(SolutionConfigurationPlatforms) = preSolution
		Debug|Any CPU = Debug|Any CPU
		Release|Any CPU = Release|Any CPU
	EndGlobalSection
	GlobalSection(ProjectConfigurationPlatforms) = postSolution
		{510944E5-9A5B-428B-81A3-9C83E4EE06DA}.Debug|Any CPU.ActiveCfg = Debug|Any CPU
		{510944E5-9A5B-428B-81A3-9C83E4EE06DA}.Debug|Any CPU.Build.0 = Debug|Any CPU
		{510944E5-9A5B-428B-81A3-9C83E4EE06DA}.Release|Any CPU.ActiveCfg = Release|Any CPU
		{510944E5-9A5B-428B-81A3-9C83E4EE06DA}.Release|Any CPU.Build.0 = Release|Any CPU
		{61CC993E-C206-4480-9A78-8C696FD7FBCD}.Debug|Any CPU.ActiveCfg = Debug|Any CPU
		{61CC993E-C206-4480-9A78-8C696FD7FBCD}.Debug|Any CPU.Build.0 = Debug|Any CPU
		{61CC993E-C206-4480-9A78-8C696FD7FBCD}.Release|Any CPU.ActiveCfg = Release|Any CPU
		{61CC993E-C206-4480-9A78-8C696FD7FBCD}.Release|Any CPU.Build.0 = Release|Any CPU
		{3BE32583-9987-40B7-BB9C-C48EDD310F1B}.Debug|Any CPU.ActiveCfg = Debug|Any CPU
		{3BE32583-9987-40B7-BB9C-C48EDD310F1B}.Debug|Any CPU.Build.0 = Debug|Any CPU
		{3BE32583-9987-40B7-BB9C-C48EDD310F1B}.Release|Any CPU.ActiveCfg = Release|Any CPU
		{3BE32583-9987-40B7-BB9C-C48EDD310F1B}.Release|Any CPU.Build.0 = Release|Any CPU
	EndGlobalSection
	GlobalSection(SolutionProperties) = preSolution
		HideSolutionNode = FALSE
	EndGlobalSection
	GlobalSection(ExtensibilityGlobals) = postSolution
		SolutionGuid = {145EBF0E-2384-4CD5-B9D6-85E5A37BC9E3}
	EndGlobalSection
EndGlobal
